{
  "nodes": {
    "home-manager": {
      "inputs": {
        "nixpkgs": "nixpkgs",
        "utils": "utils"
      },
      "locked": {
        "lastModified": 1672244468,
        "narHash": "sha256-xaZb8AZqoXRCSqPusCk4ouf+fUNP8UJdafmMTF1Ltlw=",
        "owner": "nix-community",
        "repo": "home-manager",
        "rev": "89a8ba0b5b43b3350ff2e3ef37b66736b2ef8706",
        "type": "github"
      },
      "original": {
        "owner": "nix-community",
        "ref": "release-22.11",
        "repo": "home-manager",
        "type": "github"
      }
    },
    "nixpkgs": {
      "locked": {
        "lastModified": 1671983799,
        "narHash": "sha256-Z2Ro6hFPZHkBqkVXY5/aBUzxi5xizQGvuHQ9+T5B/ks=",
        "owner": "nixos",
        "repo": "nixpkgs",
        "rev": "fad51abd42ca17a60fc1d4cb9382e2d79ae31836",
        "type": "github"
      },
      "original": {
        "owner": "nixos",
        "ref": "nixos-unstable",
        "repo": "nixpkgs",
        "type": "github"
      }
    },
    "nixpkgs-unstable": {
      "locked": {
        "lastModified": 1674740873,
        "narHash": "sha256-I2FgEKqKNTM2ZE0ZpiOycdt+EpuzAiHnw+sTtxMgvic=",
        "owner": "NixOS",
        "repo": "nixpkgs",
        "rev": "beb3d48b1e3ca2e8eb9dcc6a10a387983203de38",
        "type": "github"
      },
      "original": {
        "owner": "NixOS",
        "repo": "nixpkgs",
        "type": "github"
      }
    },
    "nixpkgs_2": {
      "locked": {
        "lastModified": 1674407282,
        "narHash": "sha256-2qwc8mrPINSFdWffPK+ji6nQ9aGnnZyHSItVcYDZDlk=",
        "owner": "NixOS",
        "repo": "nixpkgs",
        "rev": "ab1254087f4cdf4af74b552d7fc95175d9bdbb49",
        "type": "github"
      },
      "original": {
        "owner": "NixOS",
        "ref": "nixos-22.11",
        "repo": "nixpkgs",
        "type": "github"
      }
    },
    "root": {
      "inputs": {
        "home-manager": "home-manager",
        "nixpkgs": "nixpkgs_2",
        "nixpkgs-unstable": "nixpkgs-unstable"
      }
    },
    "utils": {
      "locked": {
        "lastModified": 1667395993,
        "narHash": "sha256-nuEHfE/LcWyuSWnS8t12N1wc105Qtau+/OdUAjtQ0rA=",
        "owner": "numtide",
        "repo": "flake-utils",
        "rev": "5aed5285a952e0b949eb3ba02c12fa4fcfef535f",
        "type": "github"
      },
      "original": {
        "owner": "numtide",
        "repo": "flake-utils",
        "type": "github"
      }
    }
  },
  "root": "root",
  "version": 7
}
